{
  "name": "caniuse-baselineyears",
  "version": "1.0.0",
  "lockfileVersion": 3,
  "requires": true,
  "packages": {
    "": {
      "name": "caniuse-baselineyears",
      "version": "1.0.0",
      "license": "ISC",
      "dependencies": {
        "@mdn/browser-compat-data": "^5.5.33",
        "caniuse-lite": "^1.0.30001633"
      }
    },
    "node_modules/@mdn/browser-compat-data": {
      "version": "5.5.33",
      "resolved": "https://registry.npmjs.org/@mdn/browser-compat-data/-/browser-compat-data-5.5.33.tgz",
      "integrity": "sha512-uO4uIBFn9D4UNyUmaueIWnE/IJhBlSJ7W1rANvDdaawhTX8CSgqUX8tj9/6a+1WjpL9Bgirf67d//S2VwDsfig=="
    },
    "node_modules/caniuse-lite": {
      "version": "1.0.30001633",
      "resolved": "https://registry.npmjs.org/caniuse-lite/-/caniuse-lite-1.0.30001633.tgz",
      "integrity": "sha512-6sT0yf/z5jqf8tISAgpJDrmwOpLsrpnyCdD/lOZKvKkkJK4Dn0X5i7KF7THEZhOq+30bmhwBlNEaqPUiHiKtZg==",
      "funding": [
        {
          "type": "opencollective",
          "url": "https://opencollective.com/browserslist"
        },
        {
          "type": "tidelift",
          "url": "https://tidelift.com/funding/github/npm/caniuse-lite"
        },
        {
          "type": "github",
          "url": "https://github.com/sponsors/ai"
        }
      ]
    }
  }
}
