{
  "name": "calc-baseline-years",
  "version": "1.0.0",
  "lockfileVersion": 3,
  "requires": true,
  "packages": {
    "": {
      "name": "calc-baseline-years",
      "version": "1.0.0",
      "license": "Apache-2.0",
      "dependencies": {
        "@mdn/browser-compat-data": "latest"
      }
    },
    "node_modules/@mdn/browser-compat-data": {
      "version": "5.5.33",
      "resolved": "https://registry.npmjs.org/@mdn/browser-compat-data/-/browser-compat-data-5.5.33.tgz",
      "integrity": "sha512-uO4uIBFn9D4UNyUmaueIWnE/IJhBlSJ7W1rANvDdaawhTX8CSgqUX8tj9/6a+1WjpL9Bgirf67d//S2VwDsfig=="
    }
  }
}
